
Microsoft Visual Studio Solution File, Format Version 12.00
# Visual Studio 14
VisualStudioVersion = 14.0.25123.0
MinimumVisualStudioVersion = 10.0.40219.1
Project("{FAE04EC0-301F-11D3-BF4B-00C04F79EFBC}") = "WWWApp.iOS", "iOS\WWWApp.iOS.csproj", "{9D511FF1-4139-4767-88FA-5D004D2F2E73}"
EndProject
Project("{FAE04EC0-301F-11D3-BF4B-00C04F79EFBC}") = "WWWApp.Droid", "Droid\WWWApp.Droid.csproj", "{48C65C00-29EF-4182-8347-62C6CCBC44B0}"
EndProject
Project("{FAE04EC0-301F-11D3-BF4B-00C04F79EFBC}") = "WWWApp.UITests", "UITests\WWWApp.UITests.csproj", "{3BC50011-A6D8-41C1-BB95-DDD98D0C9941}"
EndProject
Project("{FAE04EC0-301F-11D3-BF4B-00C04F79EFBC}") = "WWWApp", "WWWApp\WWWApp.csproj", "{E660BF2A-FEFE-47E3-A72F-7A4066E2BF88}"
EndProject
Project("{FAE04EC0-301F-11D3-BF4B-00C04F79EFBC}") = "WWWApp.UWP", "App1\WWWApp.UWP.csproj", "{94600811-D28A-42D0-B6B2-2FC380C1B5C1}"
EndProject
Global
	GlobalSection(SolutionConfigurationPlatforms) = preSolution
		Debug|Any CPU = Debug|Any CPU
		Debug|ARM = Debug|ARM
		Debug|iPhone = Debug|iPhone
		Debug|iPhoneSimulator = Debug|iPhoneSimulator
		Debug|x64 = Debug|x64
		Debug|x86 = Debug|x86
		Release|Any CPU = Release|Any CPU
		Release|ARM = Release|ARM
		Release|iPhone = Release|iPhone
		Release|iPhoneSimulator = Release|iPhoneSimulator
		Release|x64 = Release|x64
		Release|x86 = Release|x86
	EndGlobalSection
	GlobalSection(ProjectConfigurationPlatforms) = postSolution
		{9D511FF1-4139-4767-88FA-5D004D2F2E73}.Debug|Any CPU.ActiveCfg = Debug|iPhoneSimulator
		{9D511FF1-4139-4767-88FA-5D004D2F2E73}.Debug|Any CPU.Build.0 = Debug|iPhoneSimulator
		{9D511FF1-4139-4767-88FA-5D004D2F2E73}.Debug|ARM.ActiveCfg = Debug|iPhone
		{9D511FF1-4139-4767-88FA-5D004D2F2E73}.Debug|iPhone.ActiveCfg = Debug|iPhone
		{9D511FF1-4139-4767-88FA-5D004D2F2E73}.Debug|iPhone.Build.0 = Debug|iPhone
		{9D511FF1-4139-4767-88FA-5D004D2F2E73}.Debug|iPhoneSimulator.ActiveCfg = Debug|iPhoneSimulator
		{9D511FF1-4139-4767-88FA-5D004D2F2E73}.Debug|iPhoneSimulator.Build.0 = Debug|iPhoneSimulator
		{9D511FF1-4139-4767-88FA-5D004D2F2E73}.Debug|x64.ActiveCfg = Debug|iPhone
		{9D511FF1-4139-4767-88FA-5D004D2F2E73}.Debug|x86.ActiveCfg = Debug|iPhone
		{9D511FF1-4139-4767-88FA-5D004D2F2E73}.Release|Any CPU.ActiveCfg = Release|iPhone
		{9D511FF1-4139-4767-88FA-5D004D2F2E73}.Release|Any CPU.Build.0 = Release|iPhone
		{9D511FF1-4139-4767-88FA-5D004D2F2E73}.Release|ARM.ActiveCfg = Release|iPhoneSimulator
		{9D511FF1-4139-4767-88FA-5D004D2F2E73}.Release|iPhone.ActiveCfg = Release|iPhone
		{9D511FF1-4139-4767-88FA-5D004D2F2E73}.Release|iPhone.Build.0 = Release|iPhone
		{9D511FF1-4139-4767-88FA-5D004D2F2E73}.Release|iPhoneSimulator.ActiveCfg = Release|iPhoneSimulator
		{9D511FF1-4139-4767-88FA-5D004D2F2E73}.Release|iPhoneSimulator.Build.0 = Release|iPhoneSimulator
		{9D511FF1-4139-4767-88FA-5D004D2F2E73}.Release|x64.ActiveCfg = Release|iPhoneSimulator
		{9D511FF1-4139-4767-88FA-5D004D2F2E73}.Release|x86.ActiveCfg = Release|iPhoneSimulator
		{48C65C00-29EF-4182-8347-62C6CCBC44B0}.Debug|Any CPU.ActiveCfg = Debug|Any CPU
		{48C65C00-29EF-4182-8347-62C6CCBC44B0}.Debug|Any CPU.Build.0 = Debug|Any CPU
		{48C65C00-29EF-4182-8347-62C6CCBC44B0}.Debug|Any CPU.Deploy.0 = Debug|Any CPU
		{48C65C00-29EF-4182-8347-62C6CCBC44B0}.Debug|ARM.ActiveCfg = Debug|Any CPU
		{48C65C00-29EF-4182-8347-62C6CCBC44B0}.Debug|ARM.Build.0 = Debug|Any CPU
		{48C65C00-29EF-4182-8347-62C6CCBC44B0}.Debug|ARM.Deploy.0 = Debug|Any CPU
		{48C65C00-29EF-4182-8347-62C6CCBC44B0}.Debug|iPhone.ActiveCfg = Debug|Any CPU
		{48C65C00-29EF-4182-8347-62C6CCBC44B0}.Debug|iPhone.Build.0 = Debug|Any CPU
		{48C65C00-29EF-4182-8347-62C6CCBC44B0}.Debug|iPhoneSimulator.ActiveCfg = Debug|Any CPU
		{48C65C00-29EF-4182-8347-62C6CCBC44B0}.Debug|iPhoneSimulator.Build.0 = Debug|Any CPU
		{48C65C00-29EF-4182-8347-62C6CCBC44B0}.Debug|x64.ActiveCfg = Debug|Any CPU
		{48C65C00-29EF-4182-8347-62C6CCBC44B0}.Debug|x64.Build.0 = Debug|Any CPU
		{48C65C00-29EF-4182-8347-62C6CCBC44B0}.Debug|x64.Deploy.0 = Debug|Any CPU
		{48C65C00-29EF-4182-8347-62C6CCBC44B0}.Debug|x86.ActiveCfg = Debug|Any CPU
		{48C65C00-29EF-4182-8347-62C6CCBC44B0}.Debug|x86.Build.0 = Debug|Any CPU
		{48C65C00-29EF-4182-8347-62C6CCBC44B0}.Debug|x86.Deploy.0 = Debug|Any CPU
		{48C65C00-29EF-4182-8347-62C6CCBC44B0}.Release|Any CPU.ActiveCfg = Release|Any CPU
		{48C65C00-29EF-4182-8347-62C6CCBC44B0}.Release|Any CPU.Build.0 = Release|Any CPU
		{48C65C00-29EF-4182-8347-62C6CCBC44B0}.Release|Any CPU.Deploy.0 = Release|Any CPU
		{48C65C00-29EF-4182-8347-62C6CCBC44B0}.Release|ARM.ActiveCfg = Release|Any CPU
		{48C65C00-29EF-4182-8347-62C6CCBC44B0}.Release|ARM.Build.0 = Release|Any CPU
		{48C65C00-29EF-4182-8347-62C6CCBC44B0}.Release|ARM.Deploy.0 = Release|Any CPU
		{48C65C00-29EF-4182-8347-62C6CCBC44B0}.Release|iPhone.ActiveCfg = Release|Any CPU
		{48C65C00-29EF-4182-8347-62C6CCBC44B0}.Release|iPhone.Build.0 = Release|Any CPU
		{48C65C00-29EF-4182-8347-62C6CCBC44B0}.Release|iPhoneSimulator.ActiveCfg = Release|Any CPU
		{48C65C00-29EF-4182-8347-62C6CCBC44B0}.Release|iPhoneSimulator.Build.0 = Release|Any CPU
		{48C65C00-29EF-4182-8347-62C6CCBC44B0}.Release|x64.ActiveCfg = Release|Any CPU
		{48C65C00-29EF-4182-8347-62C6CCBC44B0}.Release|x64.Build.0 = Release|Any CPU
		{48C65C00-29EF-4182-8347-62C6CCBC44B0}.Release|x64.Deploy.0 = Release|Any CPU
		{48C65C00-29EF-4182-8347-62C6CCBC44B0}.Release|x86.ActiveCfg = Release|Any CPU
		{48C65C00-29EF-4182-8347-62C6CCBC44B0}.Release|x86.Build.0 = Release|Any CPU
		{48C65C00-29EF-4182-8347-62C6CCBC44B0}.Release|x86.Deploy.0 = Release|Any CPU
		{3BC50011-A6D8-41C1-BB95-DDD98D0C9941}.Debug|Any CPU.ActiveCfg = Debug|Any CPU
		{3BC50011-A6D8-41C1-BB95-DDD98D0C9941}.Debug|Any CPU.Build.0 = Debug|Any CPU
		{3BC50011-A6D8-41C1-BB95-DDD98D0C9941}.Debug|ARM.ActiveCfg = Debug|Any CPU
		{3BC50011-A6D8-41C1-BB95-DDD98D0C9941}.Debug|ARM.Build.0 = Debug|Any CPU
		{3BC50011-A6D8-41C1-BB95-DDD98D0C9941}.Debug|iPhone.ActiveCfg = Debug|Any CPU
		{3BC50011-A6D8-41C1-BB95-DDD98D0C9941}.Debug|iPhone.Build.0 = Debug|Any CPU
		{3BC50011-A6D8-41C1-BB95-DDD98D0C9941}.Debug|iPhoneSimulator.ActiveCfg = Debug|Any CPU
		{3BC50011-A6D8-41C1-BB95-DDD98D0C9941}.Debug|iPhoneSimulator.Build.0 = Debug|Any CPU
		{3BC50011-A6D8-41C1-BB95-DDD98D0C9941}.Debug|x64.ActiveCfg = Debug|Any CPU
		{3BC50011-A6D8-41C1-BB95-DDD98D0C9941}.Debug|x64.Build.0 = Debug|Any CPU
		{3BC50011-A6D8-41C1-BB95-DDD98D0C9941}.Debug|x86.ActiveCfg = Debug|Any CPU
		{3BC50011-A6D8-41C1-BB95-DDD98D0C9941}.Debug|x86.Build.0 = Debug|Any CPU
		{3BC50011-A6D8-41C1-BB95-DDD98D0C9941}.Release|Any CPU.ActiveCfg = Release|Any CPU
		{3BC50011-A6D8-41C1-BB95-DDD98D0C9941}.Release|Any CPU.Build.0 = Release|Any CPU
		{3BC50011-A6D8-41C1-BB95-DDD98D0C9941}.Release|ARM.ActiveCfg = Release|Any CPU
		{3BC50011-A6D8-41C1-BB95-DDD98D0C9941}.Release|ARM.Build.0 = Release|Any CPU
		{3BC50011-A6D8-41C1-BB95-DDD98D0C9941}.Release|iPhone.ActiveCfg = Release|Any CPU
		{3BC50011-A6D8-41C1-BB95-DDD98D0C9941}.Release|iPhone.Build.0 = Release|Any CPU
		{3BC50011-A6D8-41C1-BB95-DDD98D0C9941}.Release|iPhoneSimulator.ActiveCfg = Release|Any CPU
		{3BC50011-A6D8-41C1-BB95-DDD98D0C9941}.Release|iPhoneSimulator.Build.0 = Release|Any CPU
		{3BC50011-A6D8-41C1-BB95-DDD98D0C9941}.Release|x64.ActiveCfg = Release|Any CPU
		{3BC50011-A6D8-41C1-BB95-DDD98D0C9941}.Release|x64.Build.0 = Release|Any CPU
		{3BC50011-A6D8-41C1-BB95-DDD98D0C9941}.Release|x86.ActiveCfg = Release|Any CPU
		{3BC50011-A6D8-41C1-BB95-DDD98D0C9941}.Release|x86.Build.0 = Release|Any CPU
		{E660BF2A-FEFE-47E3-A72F-7A4066E2BF88}.Debug|Any CPU.ActiveCfg = Debug|Any CPU
		{E660BF2A-FEFE-47E3-A72F-7A4066E2BF88}.Debug|Any CPU.Build.0 = Debug|Any CPU
		{E660BF2A-FEFE-47E3-A72F-7A4066E2BF88}.Debug|ARM.ActiveCfg = Debug|Any CPU
		{E660BF2A-FEFE-47E3-A72F-7A4066E2BF88}.Debug|ARM.Build.0 = Debug|Any CPU
		{E660BF2A-FEFE-47E3-A72F-7A4066E2BF88}.Debug|iPhone.ActiveCfg = Debug|Any CPU
		{E660BF2A-FEFE-47E3-A72F-7A4066E2BF88}.Debug|iPhone.Build.0 = Debug|Any CPU
		{E660BF2A-FEFE-47E3-A72F-7A4066E2BF88}.Debug|iPhoneSimulator.ActiveCfg = Debug|Any CPU
		{E660BF2A-FEFE-47E3-A72F-7A4066E2BF88}.Debug|iPhoneSimulator.Build.0 = Debug|Any CPU
		{E660BF2A-FEFE-47E3-A72F-7A4066E2BF88}.Debug|x64.ActiveCfg = Debug|Any CPU
		{E660BF2A-FEFE-47E3-A72F-7A4066E2BF88}.Debug|x64.Build.0 = Debug|Any CPU
		{E660BF2A-FEFE-47E3-A72F-7A4066E2BF88}.Debug|x86.ActiveCfg = Debug|Any CPU
		{E660BF2A-FEFE-47E3-A72F-7A4066E2BF88}.Debug|x86.Build.0 = Debug|Any CPU
		{E660BF2A-FEFE-47E3-A72F-7A4066E2BF88}.Release|Any CPU.ActiveCfg = Release|Any CPU
		{E660BF2A-FEFE-47E3-A72F-7A4066E2BF88}.Release|Any CPU.Build.0 = Release|Any CPU
		{E660BF2A-FEFE-47E3-A72F-7A4066E2BF88}.Release|ARM.ActiveCfg = Release|Any CPU
		{E660BF2A-FEFE-47E3-A72F-7A4066E2BF88}.Release|ARM.Build.0 = Release|Any CPU
		{E660BF2A-FEFE-47E3-A72F-7A4066E2BF88}.Release|iPhone.ActiveCfg = Release|Any CPU
		{E660BF2A-FEFE-47E3-A72F-7A4066E2BF88}.Release|iPhone.Build.0 = Release|Any CPU
		{E660BF2A-FEFE-47E3-A72F-7A4066E2BF88}.Release|iPhoneSimulator.ActiveCfg = Release|Any CPU
		{E660BF2A-FEFE-47E3-A72F-7A4066E2BF88}.Release|iPhoneSimulator.Build.0 = Release|Any CPU
		{E660BF2A-FEFE-47E3-A72F-7A4066E2BF88}.Release|x64.ActiveCfg = Release|Any CPU
		{E660BF2A-FEFE-47E3-A72F-7A4066E2BF88}.Release|x64.Build.0 = Release|Any CPU
		{E660BF2A-FEFE-47E3-A72F-7A4066E2BF88}.Release|x86.ActiveCfg = Release|Any CPU
		{E660BF2A-FEFE-47E3-A72F-7A4066E2BF88}.Release|x86.Build.0 = Release|Any CPU
		{94600811-D28A-42D0-B6B2-2FC380C1B5C1}.Debug|Any CPU.ActiveCfg = Debug|x86
		{94600811-D28A-42D0-B6B2-2FC380C1B5C1}.Debug|Any CPU.Build.0 = Debug|x86
		{94600811-D28A-42D0-B6B2-2FC380C1B5C1}.Debug|Any CPU.Deploy.0 = Debug|x86
		{94600811-D28A-42D0-B6B2-2FC380C1B5C1}.Debug|ARM.ActiveCfg = Debug|ARM
		{94600811-D28A-42D0-B6B2-2FC380C1B5C1}.Debug|ARM.Build.0 = Debug|ARM
		{94600811-D28A-42D0-B6B2-2FC380C1B5C1}.Debug|ARM.Deploy.0 = Debug|ARM
		{94600811-D28A-42D0-B6B2-2FC380C1B5C1}.Debug|iPhone.ActiveCfg = Debug|x86
		{94600811-D28A-42D0-B6B2-2FC380C1B5C1}.Debug|iPhoneSimulator.ActiveCfg = Debug|x86
		{94600811-D28A-42D0-B6B2-2FC380C1B5C1}.Debug|x64.ActiveCfg = Debug|x64
		{94600811-D28A-42D0-B6B2-2FC380C1B5C1}.Debug|x64.Build.0 = Debug|x64
		{94600811-D28A-42D0-B6B2-2FC380C1B5C1}.Debug|x64.Deploy.0 = Debug|x64
		{94600811-D28A-42D0-B6B2-2FC380C1B5C1}.Debug|x86.ActiveCfg = Debug|x86
		{94600811-D28A-42D0-B6B2-2FC380C1B5C1}.Debug|x86.Build.0 = Debug|x86
		{94600811-D28A-42D0-B6B2-2FC380C1B5C1}.Debug|x86.Deploy.0 = Debug|x86
		{94600811-D28A-42D0-B6B2-2FC380C1B5C1}.Release|Any CPU.ActiveCfg = Release|x86
		{94600811-D28A-42D0-B6B2-2FC380C1B5C1}.Release|ARM.ActiveCfg = Release|ARM
		{94600811-D28A-42D0-B6B2-2FC380C1B5C1}.Release|ARM.Build.0 = Release|ARM
		{94600811-D28A-42D0-B6B2-2FC380C1B5C1}.Release|ARM.Deploy.0 = Release|ARM
		{94600811-D28A-42D0-B6B2-2FC380C1B5C1}.Release|iPhone.ActiveCfg = Release|x86
		{94600811-D28A-42D0-B6B2-2FC380C1B5C1}.Release|iPhoneSimulator.ActiveCfg = Release|x86
		{94600811-D28A-42D0-B6B2-2FC380C1B5C1}.Release|x64.ActiveCfg = Release|x64
		{94600811-D28A-42D0-B6B2-2FC380C1B5C1}.Release|x64.Build.0 = Release|x64
		{94600811-D28A-42D0-B6B2-2FC380C1B5C1}.Release|x64.Deploy.0 = Release|x64
		{94600811-D28A-42D0-B6B2-2FC380C1B5C1}.Release|x86.ActiveCfg = Release|x86
		{94600811-D28A-42D0-B6B2-2FC380C1B5C1}.Release|x86.Build.0 = Release|x86
		{94600811-D28A-42D0-B6B2-2FC380C1B5C1}.Release|x86.Deploy.0 = Release|x86
	EndGlobalSection
	GlobalSection(SolutionProperties) = preSolution
		HideSolutionNode = FALSE
	EndGlobalSection
EndGlobal
